
Microsoft Visual Studio Solution File, Format Version 12.00
# Visual Studio 2017
Project("{FAE04EC0-301F-11D3-BF4B-00C04F79EFBC}") = "TCC Run", "TCC Run.csproj", "{5DECCF28-48B1-2A44-D32B-112385D3A75E}"
EndProject
Project("{FAE04EC0-301F-11D3-BF4B-00C04F79EFBC}") = "TCC Run.Editor", "TCC Run.Editor.csproj", "{4A52186F-6633-817B-DDD6-64A90FA9E974}"
EndProject
Global
	GlobalSection(SolutionConfigurationPlatforms) = preSolution
		Debug|Any CPU = Debug|Any CPU
		Release|Any CPU = Release|Any CPU
	EndGlobalSection
	GlobalSection(ProjectConfigurationPlatforms) = postSolution
		{5DECCF28-48B1-2A44-D32B-112385D3A75E}.Debug|Any CPU.ActiveCfg = Debug|Any CPU
		{5DECCF28-48B1-2A44-D32B-112385D3A75E}.Debug|Any CPU.Build.0 = Debug|Any CPU
		{5DECCF28-48B1-2A44-D32B-112385D3A75E}.Release|Any CPU.ActiveCfg = Release|Any CPU
		{5DECCF28-48B1-2A44-D32B-112385D3A75E}.Release|Any CPU.Build.0 = Release|Any CPU
		{4A52186F-6633-817B-DDD6-64A90FA9E974}.Debug|Any CPU.ActiveCfg = Debug|Any CPU
		{4A52186F-6633-817B-DDD6-64A90FA9E974}.Debug|Any CPU.Build.0 = Debug|Any CPU
		{4A52186F-6633-817B-DDD6-64A90FA9E974}.Release|Any CPU.ActiveCfg = Release|Any CPU
		{4A52186F-6633-817B-DDD6-64A90FA9E974}.Release|Any CPU.Build.0 = Release|Any CPU
	EndGlobalSection
	GlobalSection(SolutionProperties) = preSolution
		HideSolutionNode = FALSE
	EndGlobalSection
EndGlobal
